
Microsoft Visual Studio Solution File, Format Version 12.00
# Visual Studio Version 17
VisualStudioVersion = 17.2.32519.379
MinimumVisualStudioVersion = 10.0.40219.1
Project("{9A19103F-16F7-4668-BE54-9A1E7A4F7556}") = "WebApi", "WebApi\WebApi.csproj", "{A889C76B-D2B1-44DB-A955-F6BF3C5F6CFF}"
EndProject
Project("{FAE04EC0-301F-11D3-BF4B-00C04F79EFBC}") = "Domain", "Domain\Domain.csproj", "{20AF5447-DCAC-464C-8733-F417BCFE34A9}"
EndProject
Project("{FAE04EC0-301F-11D3-BF4B-00C04F79EFBC}") = "Application", "Application\Application.csproj", "{67522888-8475-4C8D-8462-22B96E3A2EFF}"
EndProject
Project("{FAE04EC0-301F-11D3-BF4B-00C04F79EFBC}") = "Infra.Data", "Infra.Data\Infra.Data.csproj", "{ECA4F999-D038-49DE-9305-311512FE6AA2}"
EndProject
Global
	GlobalSection(SolutionConfigurationPlatforms) = preSolution
		Debug|Any CPU = Debug|Any CPU
		Release|Any CPU = Release|Any CPU
	EndGlobalSection
	GlobalSection(ProjectConfigurationPlatforms) = postSolution
		{A889C76B-D2B1-44DB-A955-F6BF3C5F6CFF}.Debug|Any CPU.ActiveCfg = Debug|Any CPU
		{A889C76B-D2B1-44DB-A955-F6BF3C5F6CFF}.Debug|Any CPU.Build.0 = Debug|Any CPU
		{A889C76B-D2B1-44DB-A955-F6BF3C5F6CFF}.Release|Any CPU.ActiveCfg = Release|Any CPU
		{A889C76B-D2B1-44DB-A955-F6BF3C5F6CFF}.Release|Any CPU.Build.0 = Release|Any CPU
		{20AF5447-DCAC-464C-8733-F417BCFE34A9}.Debug|Any CPU.ActiveCfg = Debug|Any CPU
		{20AF5447-DCAC-464C-8733-F417BCFE34A9}.Debug|Any CPU.Build.0 = Debug|Any CPU
		{20AF5447-DCAC-464C-8733-F417BCFE34A9}.Release|Any CPU.ActiveCfg = Release|Any CPU
		{20AF5447-DCAC-464C-8733-F417BCFE34A9}.Release|Any CPU.Build.0 = Release|Any CPU
		{67522888-8475-4C8D-8462-22B96E3A2EFF}.Debug|Any CPU.ActiveCfg = Debug|Any CPU
		{67522888-8475-4C8D-8462-22B96E3A2EFF}.Debug|Any CPU.Build.0 = Debug|Any CPU
		{67522888-8475-4C8D-8462-22B96E3A2EFF}.Release|Any CPU.ActiveCfg = Release|Any CPU
		{67522888-8475-4C8D-8462-22B96E3A2EFF}.Release|Any CPU.Build.0 = Release|Any CPU
		{ECA4F999-D038-49DE-9305-311512FE6AA2}.Debug|Any CPU.ActiveCfg = Debug|Any CPU
		{ECA4F999-D038-49DE-9305-311512FE6AA2}.Debug|Any CPU.Build.0 = Debug|Any CPU
		{ECA4F999-D038-49DE-9305-311512FE6AA2}.Release|Any CPU.ActiveCfg = Release|Any CPU
		{ECA4F999-D038-49DE-9305-311512FE6AA2}.Release|Any CPU.Build.0 = Release|Any CPU
	EndGlobalSection
	GlobalSection(SolutionProperties) = preSolution
		HideSolutionNode = FALSE
	EndGlobalSection
	GlobalSection(ExtensibilityGlobals) = postSolution
		SolutionGuid = {52185427-166F-4228-B5F7-8E263C2B64D2}
	EndGlobalSection
EndGlobal
